<?xml version="1.0" encoding="utf-8"?>
<Project ToolsVersion="4.0" xmlns="http://schemas.microsoft.com/developer/msbuild/2003">
  <ItemGroup>
    <ClCompile Include="characters.cpp">
      <Filter>Character and A.I\Render and Tracking</Filter>
    </ClCompile>
    <ClCompile Include="checkrelease.cpp">
      <Filter>Character and A.I\Movement</Filter>
    </ClCompile>
    <ClCompile Include="gameover.cpp">
      <Filter>Game Scene</Filter>
    </ClCompile>
    <ClCompile Include="health.cpp">
      <Filter>Game Status</Filter>
    </ClCompile>
    <ClCompile Include="level1.cpp">
      <Filter>Game Level</Filter>
    </ClCompile>
    <ClCompile Include="level2.cpp">
      <Filter>Game Level</Filter>
    </ClCompile>
    <ClCompile Include="loadlevel.cpp">
      <Filter>Game Scene</Filter>
    </ClCompile>
    <ClCompile Include="menu.cpp">
      <Filter>Game Scene</Filter>
    </ClCompile>
    <ClCompile Include="movelevel0.cpp">
      <Filter>Character and A.I\Movement</Filter>
    </ClCompile>
    <ClCompile Include="movelevel1.cpp">
      <Filter>Character and A.I\Movement</Filter>
    </ClCompile>
    <ClCompile Include="movelevel2.cpp">
      <Filter>Character and A.I\Movement</Filter>
    </ClCompile>
    <ClCompile Include="renderLegend.cpp">
      <Filter>Game Scene</Filter>
    </ClCompile>
    <ClCompile Include="renderResult.cpp">
      <Filter>Game Scene</Filter>
    </ClCompile>
    <ClCompile Include="spawn.cpp">
      <Filter>Character and A.I\Spawn</Filter>
    </ClCompile>
    <ClCompile Include="sprint.cpp">
      <Filter>Character and A.I\Movement</Filter>
    </ClCompile>
    <ClCompile Include="Scoreboard.cpp">
      <Filter>Game Scene</Filter>
    </ClCompile>
    <ClCompile Include="tutorial.cpp">
      <Filter>Game Level</Filter>
    </ClCompile>
    <ClCompile Include="SpeedUpPlatform.cpp">
      <Filter>Character and A.I\Movement</Filter>
    </ClCompile>
    <ClCompile Include="Framework\console.cpp">
      <Filter>Base</Filter>
    </ClCompile>
    <ClCompile Include="game.cpp">
      <Filter>Base</Filter>
    </ClCompile>
    <ClCompile Include="main.cpp">
      <Filter>Base</Filter>
    </ClCompile>
    <ClCompile Include="Framework\timer.cpp">
      <Filter>Base</Filter>
    </ClCompile>
    <ClCompile Include="instructions.cpp">
      <Filter>Game Scene</Filter>
    </ClCompile>
    <ClCompile Include="timeover.cpp">
      <Filter>Game Scene</Filter>
    </ClCompile>
    <ClCompile Include="level4.cpp">
      <Filter>Game Level</Filter>
    </ClCompile>
    <ClCompile Include="level3.cpp">
      <Filter>Game Level</Filter>
    </ClCompile>
    <ClCompile Include="movelevel4.cpp">
      <Filter>Character and A.I\Movement</Filter>
    </ClCompile>
    <ClCompile Include="movelevel3.cpp">
      <Filter>Character and A.I\Movement</Filter>
    </ClCompile>
    <ClCompile Include="level5.cpp">
      <Filter>Game Level</Filter>
    </ClCompile>
    <ClCompile Include="movelevel5.cpp">
      <Filter>Character and A.I\Movement</Filter>
    </ClCompile>
  </ItemGroup>
  <ItemGroup>
    <ClInclude Include="characters.h">
      <Filter>Character and A.I\Render and Tracking</Filter>
    </ClInclude>
    <ClInclude Include="checkrelease.h">
      <Filter>Character and A.I\Movement</Filter>
    </ClInclude>
    <ClInclude Include="gameover.h">
      <Filter>Game Scene</Filter>
    </ClInclude>
    <ClInclude Include="health.h">
      <Filter>Game Status</Filter>
    </ClInclude>
    <ClInclude Include="level1.h">
      <Filter>Game Level</Filter>
    </ClInclude>
    <ClInclude Include="level2.h">
      <Filter>Game Level</Filter>
    </ClInclude>
    <ClInclude Include="loadlevel.h">
      <Filter>Game Scene</Filter>
    </ClInclude>
    <ClInclude Include="menu.h">
      <Filter>Game Scene</Filter>
    </ClInclude>
    <ClInclude Include="movelevel0.h">
      <Filter>Character and A.I\Movement</Filter>
    </ClInclude>
    <ClInclude Include="movelevel1.h">
      <Filter>Character and A.I\Movement</Filter>
    </ClInclude>
    <ClInclude Include="movelevel2.h">
      <Filter>Character and A.I\Movement</Filter>
    </ClInclude>
    <ClInclude Include="renderLegend.h">
      <Filter>Game Scene</Filter>
    </ClInclude>
    <ClInclude Include="renderResult.h">
      <Filter>Game Scene</Filter>
    </ClInclude>
    <ClInclude Include="spawn.h">
      <Filter>Character and A.I\Spawn</Filter>
    </ClInclude>
    <ClInclude Include="sprint.h">
      <Filter>Character and A.I\Movement</Filter>
    </ClInclude>
    <ClInclude Include="keyboard.h">
      <Filter>Miscellaneous</Filter>
    </ClInclude>
    <ClInclude Include="..\..\Lazy is Progress - Copy\SP1Framework\ScoreBoard.h">
      <Filter>Game Scene</Filter>
    </ClInclude>
    <ClInclude Include="tutorial.h">
      <Filter>Game Level</Filter>
    </ClInclude>
    <ClInclude Include="SpeedUpPlatform.h">
      <Filter>Character and A.I\Movement</Filter>
    </ClInclude>
    <ClInclude Include="Framework\console.h">
      <Filter>Base</Filter>
    </ClInclude>
    <ClInclude Include="game.h">
      <Filter>Base</Filter>
    </ClInclude>
    <ClInclude Include="main.h">
      <Filter>Base</Filter>
    </ClInclude>
    <ClInclude Include="Framework\timer.h">
      <Filter>Base</Filter>
    </ClInclude>
    <ClInclude Include="instructions.h">
      <Filter>Game Scene</Filter>
    </ClInclude>
    <ClInclude Include="timeover.h">
      <Filter>Game Scene</Filter>
    </ClInclude>
    <ClInclude Include="level4.h">
      <Filter>Game Level</Filter>
    </ClInclude>
    <ClInclude Include="level3.h">
      <Filter>Game Level</Filter>
    </ClInclude>
    <ClInclude Include="movelevel4.h">
      <Filter>Character and A.I\Movement</Filter>
    </ClInclude>
    <ClInclude Include="movelevel3.h">
      <Filter>Character and A.I\Movement</Filter>
    </ClInclude>
    <ClInclude Include="level5.h">
      <Filter>Game Level</Filter>
    </ClInclude>
    <ClInclude Include="movelevel5.h">
      <Filter>Character and A.I\Movement</Filter>
    </ClInclude>
  </ItemGroup>
  <ItemGroup>
    <Filter Include="Character and A.I">
      <UniqueIdentifier>{6359948c-55ee-4cee-b7ee-64c6e0128e99}</UniqueIdentifier>
    </Filter>
    <Filter Include="Character and A.I\Spawn">
      <UniqueIdentifier>{9685637a-10c5-451a-a4b9-86473e518dab}</UniqueIdentifier>
    </Filter>
    <Filter Include="Character and A.I\Movement">
      <UniqueIdentifier>{c83986cb-3d5b-4f2b-aa70-170b7f98852f}</UniqueIdentifier>
    </Filter>
    <Filter Include="Character and A.I\Render and Tracking">
      <UniqueIdentifier>{b1b52efc-418c-416a-9b05-fb58c15012fa}</UniqueIdentifier>
    </Filter>
    <Filter Include="Game Scene">
      <UniqueIdentifier>{c7b41325-3dd7-48ee-9c3b-a553b1f1b683}</UniqueIdentifier>
    </Filter>
    <Filter Include="Game Status">
      <UniqueIdentifier>{f425c708-e9c5-4233-887f-6cd8a1c0063e}</UniqueIdentifier>
    </Filter>
    <Filter Include="Game Level">
      <UniqueIdentifier>{3c50f8e1-a2b2-468e-8771-f564582476c1}</UniqueIdentifier>
    </Filter>
    <Filter Include="Miscellaneous">
      <UniqueIdentifier>{35b1fdc1-729f-446c-8b92-0469f81fd11c}</UniqueIdentifier>
    </Filter>
    <Filter Include="Base">
      <UniqueIdentifier>{7bc4e92b-db6a-400d-82eb-0660a0ee7ce1}</UniqueIdentifier>
    </Filter>
  </ItemGroup>
</Project>